// !$*UTF8*$!
{
	archiveVersion = 1;
	classes = {
	};
	objectVersion = 77;
	objects = {

/* Begin PBXBuildFile section */
		E9A18C932E95A8BC0047111C /* DIMPlainKey.h in Headers */ = {isa = PBXBuildFile; fileRef = E9A18C912E95A8BC0047111C /* DIMPlainKey.h */; settings = {ATTRIBUTES = (Public, ); }; };
		E9A18C942E95A8BC0047111C /* DIMPlainKey.m in Sources */ = {isa = PBXBuildFile; fileRef = E9A18C922E95A8BC0047111C /* DIMPlainKey.m */; };
		E9A18C972E95AB1C0047111C /* DIMPluginLoader.h in Headers */ = {isa = PBXBuildFile; fileRef = E9A18C952E95AB1C0047111C /* DIMPluginLoader.h */; settings = {ATTRIBUTES = (Public, ); }; };
		E9A18C982E95AB1C0047111C /* DIMPluginLoader.m in Sources */ = {isa = PBXBuildFile; fileRef = E9A18C962E95AB1C0047111C /* DIMPluginLoader.m */; };
		E9A18C9B2E95ABA00047111C /* DIMAccountGeneralFactory.h in Headers */ = {isa = PBXBuildFile; fileRef = E9A18C992E95ABA00047111C /* DIMAccountGeneralFactory.h */; settings = {ATTRIBUTES = (Public, ); }; };
		E9A18C9C2E95ABA00047111C /* DIMAccountGeneralFactory.m in Sources */ = {isa = PBXBuildFile; fileRef = E9A18C9A2E95ABA00047111C /* DIMAccountGeneralFactory.m */; };
		E9A18C9F2E95ABCD0047111C /* DIMCryptoKeyGeneralFactory.h in Headers */ = {isa = PBXBuildFile; fileRef = E9A18C9D2E95ABCD0047111C /* DIMCryptoKeyGeneralFactory.h */; settings = {ATTRIBUTES = (Public, ); }; };
		E9A18CA02E95ABCD0047111C /* DIMCryptoKeyGeneralFactory.m in Sources */ = {isa = PBXBuildFile; fileRef = E9A18C9E2E95ABCD0047111C /* DIMCryptoKeyGeneralFactory.m */; };
		E9A18CA32E95ABDE0047111C /* DIMFormatGeneralFactory.h in Headers */ = {isa = PBXBuildFile; fileRef = E9A18CA12E95ABDE0047111C /* DIMFormatGeneralFactory.h */; settings = {ATTRIBUTES = (Public, ); }; };
		E9A18CA42E95ABDE0047111C /* DIMFormatGeneralFactory.m in Sources */ = {isa = PBXBuildFile; fileRef = E9A18CA22E95ABDE0047111C /* DIMFormatGeneralFactory.m */; };
		E9A18CA72E95ABF20047111C /* DIMCommandGeneralFactory.h in Headers */ = {isa = PBXBuildFile; fileRef = E9A18CA52E95ABF20047111C /* DIMCommandGeneralFactory.h */; settings = {ATTRIBUTES = (Public, ); }; };
		E9A18CA82E95ABF20047111C /* DIMCommandGeneralFactory.m in Sources */ = {isa = PBXBuildFile; fileRef = E9A18CA62E95ABF20047111C /* DIMCommandGeneralFactory.m */; };
		E9A18CAB2E95AC060047111C /* DIMMessageGeneralFactory.h in Headers */ = {isa = PBXBuildFile; fileRef = E9A18CA92E95AC060047111C /* DIMMessageGeneralFactory.h */; settings = {ATTRIBUTES = (Public, ); }; };
		E9A18CAC2E95AC060047111C /* DIMMessageGeneralFactory.m in Sources */ = {isa = PBXBuildFile; fileRef = E9A18CAA2E95AC060047111C /* DIMMessageGeneralFactory.m */; };
		E9A18CB02E95AC730047111C /* DIMCommandFactories.h in Headers */ = {isa = PBXBuildFile; fileRef = E9A18CAE2E95AC730047111C /* DIMCommandFactories.h */; settings = {ATTRIBUTES = (Public, ); }; };
		E9A18CB12E95AC730047111C /* DIMCommandFactories.m in Sources */ = {isa = PBXBuildFile; fileRef = E9A18CAF2E95AC730047111C /* DIMCommandFactories.m */; };
		E9A18CB42E95AC830047111C /* DIMMessageFactories.h in Headers */ = {isa = PBXBuildFile; fileRef = E9A18CB22E95AC830047111C /* DIMMessageFactories.h */; settings = {ATTRIBUTES = (Public, ); }; };
		E9A18CB52E95AC830047111C /* DIMMessageFactories.m in Sources */ = {isa = PBXBuildFile; fileRef = E9A18CB32E95AC830047111C /* DIMMessageFactories.m */; };
		E9FC46F72E91C15000D15BBE /* DIMPlugins.framework in Frameworks */ = {isa = PBXBuildFile; fileRef = E9FC46ED2E91C15000D15BBE /* DIMPlugins.framework */; };
		E9FC47532E91C2D000D15BBE /* DIMPrivateKey+Store.h in Headers */ = {isa = PBXBuildFile; fileRef = E9FC47182E91C2D000D15BBE /* DIMPrivateKey+Store.h */; settings = {ATTRIBUTES = (Public, ); }; };
		E9FC47542E91C2D000D15BBE /* sha3.h in Headers */ = {isa = PBXBuildFile; fileRef = E9FC472E2E91C2D000D15BBE /* sha3.h */; };
		E9FC47552E91C2D000D15BBE /* ripemd160.h in Headers */ = {isa = PBXBuildFile; fileRef = E9FC470A2E91C2D000D15BBE /* ripemd160.h */; };
		E9FC47562E91C2D000D15BBE /* DIMDefaultMeta.h in Headers */ = {isa = PBXBuildFile; fileRef = E9FC474A2E91C2D000D15BBE /* DIMDefaultMeta.h */; settings = {ATTRIBUTES = (Public, ); }; };
		E9FC47572E91C2D000D15BBE /* common.h in Headers */ = {isa = PBXBuildFile; fileRef = E9FC47092E91C2D000D15BBE /* common.h */; };
		E9FC47582E91C2D000D15BBE /* endian.h in Headers */ = {isa = PBXBuildFile; fileRef = E9FC47072E91C2D000D15BBE /* endian.h */; };
		E9FC47592E91C2D000D15BBE /* uECC_vli.h in Headers */ = {isa = PBXBuildFile; fileRef = E9FC473A2E91C2D000D15BBE /* uECC_vli.h */; };
		E9FC475A2E91C2D000D15BBE /* DIMRSAPublicKey.h in Headers */ = {isa = PBXBuildFile; fileRef = E9FC471D2E91C2D000D15BBE /* DIMRSAPublicKey.h */; settings = {ATTRIBUTES = (Public, ); }; };
		E9FC475B2E91C2D000D15BBE /* NSData+Crypto.h in Headers */ = {isa = PBXBuildFile; fileRef = E9FC47322E91C2D000D15BBE /* NSData+Crypto.h */; };
		E9FC475C2E91C2D000D15BBE /* DIMBTCMeta.h in Headers */ = {isa = PBXBuildFile; fileRef = E9FC47482E91C2D000D15BBE /* DIMBTCMeta.h */; settings = {ATTRIBUTES = (Public, ); }; };
		E9FC475D2E91C2D000D15BBE /* base58.h in Headers */ = {isa = PBXBuildFile; fileRef = E9FC470D2E91C2D000D15BBE /* base58.h */; };
		E9FC475E2E91C2D000D15BBE /* DIMAddressFactory.h in Headers */ = {isa = PBXBuildFile; fileRef = E9FC473C2E91C2D000D15BBE /* DIMAddressFactory.h */; settings = {ATTRIBUTES = (Public, ); }; };
		E9FC475F2E91C2D000D15BBE /* DIMAESKey.h in Headers */ = {isa = PBXBuildFile; fileRef = E9FC47112E91C2D000D15BBE /* DIMAESKey.h */; settings = {ATTRIBUTES = (Public, ); }; };
		E9FC47602E91C2D000D15BBE /* DIMIDFactory.h in Headers */ = {isa = PBXBuildFile; fileRef = E9FC47402E91C2D000D15BBE /* DIMIDFactory.h */; settings = {ATTRIBUTES = (Public, ); }; };
		E9FC47612E91C2D000D15BBE /* DIMBaseNetworkFile.h in Headers */ = {isa = PBXBuildFile; fileRef = E9FC47242E91C2D000D15BBE /* DIMBaseNetworkFile.h */; settings = {ATTRIBUTES = (Public, ); }; };
		E9FC47622E91C2D000D15BBE /* DIMSecKeyHelper.h in Headers */ = {isa = PBXBuildFile; fileRef = E9FC471F2E91C2D000D15BBE /* DIMSecKeyHelper.h */; settings = {ATTRIBUTES = (Public, ); }; };
		E9FC47632E91C2D000D15BBE /* DIMBase64Data.h in Headers */ = {isa = PBXBuildFile; fileRef = E9FC47222E91C2D000D15BBE /* DIMBase64Data.h */; settings = {ATTRIBUTES = (Public, ); }; };
		E9FC47642E91C2D000D15BBE /* DIMDataCoders.h in Headers */ = {isa = PBXBuildFile; fileRef = E9FC47262E91C2D000D15BBE /* DIMDataCoders.h */; settings = {ATTRIBUTES = (Public, ); }; };
		E9FC47652E91C2D000D15BBE /* types.h in Headers */ = {isa = PBXBuildFile; fileRef = E9FC47372E91C2D000D15BBE /* types.h */; };
		E9FC47662E91C2D000D15BBE /* DIMETHAddress.h in Headers */ = {isa = PBXBuildFile; fileRef = E9FC47462E91C2D000D15BBE /* DIMETHAddress.h */; settings = {ATTRIBUTES = (Public, ); }; };
		E9FC47672E91C2D000D15BBE /* byteswap.h in Headers */ = {isa = PBXBuildFile; fileRef = E9FC47062E91C2D000D15BBE /* byteswap.h */; };
		E9FC47682E91C2D000D15BBE /* uECC.h in Headers */ = {isa = PBXBuildFile; fileRef = E9FC47382E91C2D000D15BBE /* uECC.h */; };
		E9FC47692E91C2D000D15BBE /* DIMECCPrivateKey.h in Headers */ = {isa = PBXBuildFile; fileRef = E9FC47132E91C2D000D15BBE /* DIMECCPrivateKey.h */; settings = {ATTRIBUTES = (Public, ); }; };
		E9FC476A2E91C2D000D15BBE /* DIMETHMeta.h in Headers */ = {isa = PBXBuildFile; fileRef = E9FC474C2E91C2D000D15BBE /* DIMETHMeta.h */; settings = {ATTRIBUTES = (Public, ); }; };
		E9FC476B2E91C2D000D15BBE /* compiler.h in Headers */ = {isa = PBXBuildFile; fileRef = E9FC472D2E91C2D000D15BBE /* compiler.h */; };
		E9FC476C2E91C2D000D15BBE /* DIMDataParsers.h in Headers */ = {isa = PBXBuildFile; fileRef = E9FC472A2E91C2D000D15BBE /* DIMDataParsers.h */; settings = {ATTRIBUTES = (Public, ); }; };
		E9FC476D2E91C2D000D15BBE /* DIMDocumentFactory.h in Headers */ = {isa = PBXBuildFile; fileRef = E9FC473E2E91C2D000D15BBE /* DIMDocumentFactory.h */; settings = {ATTRIBUTES = (Public, ); }; };
		E9FC476E2E91C2D000D15BBE /* DIMMetaFactory.h in Headers */ = {isa = PBXBuildFile; fileRef = E9FC47422E91C2D000D15BBE /* DIMMetaFactory.h */; settings = {ATTRIBUTES = (Public, ); }; };
		E9FC476F2E91C2D000D15BBE /* DIMECCPublicKey.h in Headers */ = {isa = PBXBuildFile; fileRef = E9FC47162E91C2D000D15BBE /* DIMECCPublicKey.h */; settings = {ATTRIBUTES = (Public, ); }; };
		E9FC47702E91C2D000D15BBE /* DIMRSAPrivateKey.h in Headers */ = {isa = PBXBuildFile; fileRef = E9FC471A2E91C2D000D15BBE /* DIMRSAPrivateKey.h */; settings = {ATTRIBUTES = (Public, ); }; };
		E9FC47712E91C2D000D15BBE /* DIMExtensionLoader.h in Headers */ = {isa = PBXBuildFile; fileRef = E9FC474F2E91C2D000D15BBE /* DIMExtensionLoader.h */; settings = {ATTRIBUTES = (Public, ); }; };
		E9FC47722E91C2D000D15BBE /* DIMBTCAddress.h in Headers */ = {isa = PBXBuildFile; fileRef = E9FC47442E91C2D000D15BBE /* DIMBTCAddress.h */; settings = {ATTRIBUTES = (Public, ); }; };
		E9FC47732E91C2D000D15BBE /* DIMDigesters.h in Headers */ = {isa = PBXBuildFile; fileRef = E9FC47282E91C2D000D15BBE /* DIMDigesters.h */; settings = {ATTRIBUTES = (Public, ); }; };
		E9FC47742E91C2D000D15BBE /* DIMDataCoders.mm in Sources */ = {isa = PBXBuildFile; fileRef = E9FC47272E91C2D000D15BBE /* DIMDataCoders.mm */; };
		E9FC47752E91C2D000D15BBE /* DIMETHMeta.m in Sources */ = {isa = PBXBuildFile; fileRef = E9FC474D2E91C2D000D15BBE /* DIMETHMeta.m */; };
		E9FC47762E91C2D000D15BBE /* DIMAddressFactory.m in Sources */ = {isa = PBXBuildFile; fileRef = E9FC473D2E91C2D000D15BBE /* DIMAddressFactory.m */; };
		E9FC47772E91C2D000D15BBE /* sha3.c in Sources */ = {isa = PBXBuildFile; fileRef = E9FC472F2E91C2D000D15BBE /* sha3.c */; };
		E9FC47782E91C2D000D15BBE /* DIMBase64Data.m in Sources */ = {isa = PBXBuildFile; fileRef = E9FC47232E91C2D000D15BBE /* DIMBase64Data.m */; };
		E9FC47792E91C2D000D15BBE /* DIMSecKeyHelper.m in Sources */ = {isa = PBXBuildFile; fileRef = E9FC47202E91C2D000D15BBE /* DIMSecKeyHelper.m */; };
		E9FC477A2E91C2D000D15BBE /* DIMAESKey.m in Sources */ = {isa = PBXBuildFile; fileRef = E9FC47122E91C2D000D15BBE /* DIMAESKey.m */; };
		E9FC477B2E91C2D000D15BBE /* DIMRSAPublicKey.m in Sources */ = {isa = PBXBuildFile; fileRef = E9FC471E2E91C2D000D15BBE /* DIMRSAPublicKey.m */; };
		E9FC477C2E91C2D000D15BBE /* DIMBaseNetworkFile.m in Sources */ = {isa = PBXBuildFile; fileRef = E9FC47252E91C2D000D15BBE /* DIMBaseNetworkFile.m */; };
		E9FC477D2E91C2D000D15BBE /* base58.cpp in Sources */ = {isa = PBXBuildFile; fileRef = E9FC470E2E91C2D000D15BBE /* base58.cpp */; };
		E9FC477E2E91C2D000D15BBE /* DIMExtensionLoader.m in Sources */ = {isa = PBXBuildFile; fileRef = E9FC47502E91C2D000D15BBE /* DIMExtensionLoader.m */; };
		E9FC477F2E91C2D000D15BBE /* DIMECCPublicKey.m in Sources */ = {isa = PBXBuildFile; fileRef = E9FC47172E91C2D000D15BBE /* DIMECCPublicKey.m */; };
		E9FC47802E91C2D000D15BBE /* DIMIDFactory.m in Sources */ = {isa = PBXBuildFile; fileRef = E9FC47412E91C2D000D15BBE /* DIMIDFactory.m */; };
		E9FC47812E91C2D000D15BBE /* DIMBTCAddress.m in Sources */ = {isa = PBXBuildFile; fileRef = E9FC47452E91C2D000D15BBE /* DIMBTCAddress.m */; };
		E9FC47822E91C2D000D15BBE /* DIMPrivateKey+Store.m in Sources */ = {isa = PBXBuildFile; fileRef = E9FC47192E91C2D000D15BBE /* DIMPrivateKey+Store.m */; };
		E9FC47832E91C2D000D15BBE /* DIMDocumentFactory.m in Sources */ = {isa = PBXBuildFile; fileRef = E9FC473F2E91C2D000D15BBE /* DIMDocumentFactory.m */; };
		E9FC47842E91C2D000D15BBE /* DIMBTCMeta.m in Sources */ = {isa = PBXBuildFile; fileRef = E9FC47492E91C2D000D15BBE /* DIMBTCMeta.m */; };
		E9FC47862E91C2D000D15BBE /* DIMDigesters.mm in Sources */ = {isa = PBXBuildFile; fileRef = E9FC47292E91C2D000D15BBE /* DIMDigesters.mm */; };
		E9FC47872E91C2D000D15BBE /* DIMDefaultMeta.m in Sources */ = {isa = PBXBuildFile; fileRef = E9FC474B2E91C2D000D15BBE /* DIMDefaultMeta.m */; };
		E9FC47882E91C2D000D15BBE /* NSData+Crypto.m in Sources */ = {isa = PBXBuildFile; fileRef = E9FC47332E91C2D000D15BBE /* NSData+Crypto.m */; };
		E9FC47892E91C2D000D15BBE /* DIMECCPrivateKey.m in Sources */ = {isa = PBXBuildFile; fileRef = E9FC47142E91C2D000D15BBE /* DIMECCPrivateKey.m */; };
		E9FC478A2E91C2D000D15BBE /* ripemd160.cpp in Sources */ = {isa = PBXBuildFile; fileRef = E9FC470B2E91C2D000D15BBE /* ripemd160.cpp */; };
		E9FC478B2E91C2D000D15BBE /* DIMRSAPrivateKey.m in Sources */ = {isa = PBXBuildFile; fileRef = E9FC471B2E91C2D000D15BBE /* DIMRSAPrivateKey.m */; };
		E9FC478C2E91C2D000D15BBE /* DIMETHAddress.m in Sources */ = {isa = PBXBuildFile; fileRef = E9FC47472E91C2D000D15BBE /* DIMETHAddress.m */; };
		E9FC478D2E91C2D000D15BBE /* platform-specific.inc in Sources */ = {isa = PBXBuildFile; fileRef = E9FC47362E91C2D000D15BBE /* platform-specific.inc */; };
		E9FC478E2E91C2D000D15BBE /* DIMDataParsers.mm in Sources */ = {isa = PBXBuildFile; fileRef = E9FC472B2E91C2D000D15BBE /* DIMDataParsers.mm */; };
		E9FC478F2E91C2D000D15BBE /* DIMMetaFactory.m in Sources */ = {isa = PBXBuildFile; fileRef = E9FC47432E91C2D000D15BBE /* DIMMetaFactory.m */; };
		E9FC47902E91C2D000D15BBE /* uECC.c in Sources */ = {isa = PBXBuildFile; fileRef = E9FC47392E91C2D000D15BBE /* uECC.c */; };
		E9FC47912E91C2D000D15BBE /* DIMRSAPrivateKey+Store.m in Sources */ = {isa = PBXBuildFile; fileRef = E9FC471C2E91C2D000D15BBE /* DIMRSAPrivateKey+Store.m */; };
		E9FC47922E91C2D000D15BBE /* DIMECCPrivateKey+Store.m in Sources */ = {isa = PBXBuildFile; fileRef = E9FC47152E91C2D000D15BBE /* DIMECCPrivateKey+Store.m */; };
		E9FC47932E91C2D000D15BBE /* curve-specific.inc in Sources */ = {isa = PBXBuildFile; fileRef = E9FC47352E91C2D000D15BBE /* curve-specific.inc */; };
/* End PBXBuildFile section */

/* Begin PBXContainerItemProxy section */
		E9FC46F82E91C15000D15BBE /* PBXContainerItemProxy */ = {
			isa = PBXContainerItemProxy;
			containerPortal = E9FC46E42E91C15000D15BBE /* Project object */;
			proxyType = 1;
			remoteGlobalIDString = E9FC46EC2E91C15000D15BBE;
			remoteInfo = DIMPlugins;
		};
/* End PBXContainerItemProxy section */

/* Begin PBXFileReference section */
		E9A18C912E95A8BC0047111C /* DIMPlainKey.h */ = {isa = PBXFileReference; lastKnownFileType = sourcecode.c.h; path = DIMPlainKey.h; sourceTree = "<group>"; };
		E9A18C922E95A8BC0047111C /* DIMPlainKey.m */ = {isa = PBXFileReference; lastKnownFileType = sourcecode.c.objc; path = DIMPlainKey.m; sourceTree = "<group>"; };
		E9A18C952E95AB1C0047111C /* DIMPluginLoader.h */ = {isa = PBXFileReference; lastKnownFileType = sourcecode.c.h; path = DIMPluginLoader.h; sourceTree = "<group>"; };
		E9A18C962E95AB1C0047111C /* DIMPluginLoader.m */ = {isa = PBXFileReference; lastKnownFileType = sourcecode.c.objc; path = DIMPluginLoader.m; sourceTree = "<group>"; };
		E9A18C992E95ABA00047111C /* DIMAccountGeneralFactory.h */ = {isa = PBXFileReference; lastKnownFileType = sourcecode.c.h; path = DIMAccountGeneralFactory.h; sourceTree = "<group>"; };
		E9A18C9A2E95ABA00047111C /* DIMAccountGeneralFactory.m */ = {isa = PBXFileReference; lastKnownFileType = sourcecode.c.objc; path = DIMAccountGeneralFactory.m; sourceTree = "<group>"; };
		E9A18C9D2E95ABCD0047111C /* DIMCryptoKeyGeneralFactory.h */ = {isa = PBXFileReference; lastKnownFileType = sourcecode.c.h; path = DIMCryptoKeyGeneralFactory.h; sourceTree = "<group>"; };
		E9A18C9E2E95ABCD0047111C /* DIMCryptoKeyGeneralFactory.m */ = {isa = PBXFileReference; lastKnownFileType = sourcecode.c.objc; path = DIMCryptoKeyGeneralFactory.m; sourceTree = "<group>"; };
		E9A18CA12E95ABDE0047111C /* DIMFormatGeneralFactory.h */ = {isa = PBXFileReference; lastKnownFileType = sourcecode.c.h; path = DIMFormatGeneralFactory.h; sourceTree = "<group>"; };
		E9A18CA22E95ABDE0047111C /* DIMFormatGeneralFactory.m */ = {isa = PBXFileReference; lastKnownFileType = sourcecode.c.objc; path = DIMFormatGeneralFactory.m; sourceTree = "<group>"; };
		E9A18CA52E95ABF20047111C /* DIMCommandGeneralFactory.h */ = {isa = PBXFileReference; lastKnownFileType = sourcecode.c.h; path = DIMCommandGeneralFactory.h; sourceTree = "<group>"; };
		E9A18CA62E95ABF20047111C /* DIMCommandGeneralFactory.m */ = {isa = PBXFileReference; lastKnownFileType = sourcecode.c.objc; path = DIMCommandGeneralFactory.m; sourceTree = "<group>"; };
		E9A18CA92E95AC060047111C /* DIMMessageGeneralFactory.h */ = {isa = PBXFileReference; lastKnownFileType = sourcecode.c.h; path = DIMMessageGeneralFactory.h; sourceTree = "<group>"; };
		E9A18CAA2E95AC060047111C /* DIMMessageGeneralFactory.m */ = {isa = PBXFileReference; lastKnownFileType = sourcecode.c.objc; path = DIMMessageGeneralFactory.m; sourceTree = "<group>"; };
		E9A18CAE2E95AC730047111C /* DIMCommandFactories.h */ = {isa = PBXFileReference; lastKnownFileType = sourcecode.c.h; path = DIMCommandFactories.h; sourceTree = "<group>"; };
		E9A18CAF2E95AC730047111C /* DIMCommandFactories.m */ = {isa = PBXFileReference; lastKnownFileType = sourcecode.c.objc; path = DIMCommandFactories.m; sourceTree = "<group>"; };
		E9A18CB22E95AC830047111C /* DIMMessageFactories.h */ = {isa = PBXFileReference; lastKnownFileType = sourcecode.c.h; path = DIMMessageFactories.h; sourceTree = "<group>"; };
		E9A18CB32E95AC830047111C /* DIMMessageFactories.m */ = {isa = PBXFileReference; lastKnownFileType = sourcecode.c.objc; path = DIMMessageFactories.m; sourceTree = "<group>"; };
		E9FC46ED2E91C15000D15BBE /* DIMPlugins.framework */ = {isa = PBXFileReference; explicitFileType = wrapper.framework; includeInIndex = 0; path = DIMPlugins.framework; sourceTree = BUILT_PRODUCTS_DIR; };
		E9FC46F62E91C15000D15BBE /* DIMPluginsTests.xctest */ = {isa = PBXFileReference; explicitFileType = wrapper.cfbundle; includeInIndex = 0; path = DIMPluginsTests.xctest; sourceTree = BUILT_PRODUCTS_DIR; };
		E9FC47062E91C2D000D15BBE /* byteswap.h */ = {isa = PBXFileReference; lastKnownFileType = sourcecode.c.h; path = byteswap.h; sourceTree = "<group>"; };
		E9FC47072E91C2D000D15BBE /* endian.h */ = {isa = PBXFileReference; lastKnownFileType = sourcecode.c.h; path = endian.h; sourceTree = "<group>"; };
		E9FC47092E91C2D000D15BBE /* common.h */ = {isa = PBXFileReference; lastKnownFileType = sourcecode.c.h; path = common.h; sourceTree = "<group>"; };
		E9FC470A2E91C2D000D15BBE /* ripemd160.h */ = {isa = PBXFileReference; lastKnownFileType = sourcecode.c.h; path = ripemd160.h; sourceTree = "<group>"; };
		E9FC470B2E91C2D000D15BBE /* ripemd160.cpp */ = {isa = PBXFileReference; lastKnownFileType = sourcecode.cpp.cpp; path = ripemd160.cpp; sourceTree = "<group>"; };
		E9FC470D2E91C2D000D15BBE /* base58.h */ = {isa = PBXFileReference; lastKnownFileType = sourcecode.c.h; path = base58.h; sourceTree = "<group>"; };
		E9FC470E2E91C2D000D15BBE /* base58.cpp */ = {isa = PBXFileReference; lastKnownFileType = sourcecode.cpp.cpp; path = base58.cpp; sourceTree = "<group>"; };
		E9FC47112E91C2D000D15BBE /* DIMAESKey.h */ = {isa = PBXFileReference; lastKnownFileType = sourcecode.c.h; path = DIMAESKey.h; sourceTree = "<group>"; };
		E9FC47122E91C2D000D15BBE /* DIMAESKey.m */ = {isa = PBXFileReference; lastKnownFileType = sourcecode.c.objc; path = DIMAESKey.m; sourceTree = "<group>"; };
		E9FC47132E91C2D000D15BBE /* DIMECCPrivateKey.h */ = {isa = PBXFileReference; lastKnownFileType = sourcecode.c.h; path = DIMECCPrivateKey.h; sourceTree = "<group>"; };
		E9FC47142E91C2D000D15BBE /* DIMECCPrivateKey.m */ = {isa = PBXFileReference; lastKnownFileType = sourcecode.c.objc; path = DIMECCPrivateKey.m; sourceTree = "<group>"; };
		E9FC47152E91C2D000D15BBE /* DIMECCPrivateKey+Store.m */ = {isa = PBXFileReference; lastKnownFileType = sourcecode.c.objc; path = "DIMECCPrivateKey+Store.m"; sourceTree = "<group>"; };
		E9FC47162E91C2D000D15BBE /* DIMECCPublicKey.h */ = {isa = PBXFileReference; lastKnownFileType = sourcecode.c.h; path = DIMECCPublicKey.h; sourceTree = "<group>"; };
		E9FC47172E91C2D000D15BBE /* DIMECCPublicKey.m */ = {isa = PBXFileReference; lastKnownFileType = sourcecode.c.objc; path = DIMECCPublicKey.m; sourceTree = "<group>"; };
		E9FC47182E91C2D000D15BBE /* DIMPrivateKey+Store.h */ = {isa = PBXFileReference; lastKnownFileType = sourcecode.c.h; path = "DIMPrivateKey+Store.h"; sourceTree = "<group>"; };
		E9FC47192E91C2D000D15BBE /* DIMPrivateKey+Store.m */ = {isa = PBXFileReference; lastKnownFileType = sourcecode.c.objc; path = "DIMPrivateKey+Store.m"; sourceTree = "<group>"; };
		E9FC471A2E91C2D000D15BBE /* DIMRSAPrivateKey.h */ = {isa = PBXFileReference; lastKnownFileType = sourcecode.c.h; path = DIMRSAPrivateKey.h; sourceTree = "<group>"; };
		E9FC471B2E91C2D000D15BBE /* DIMRSAPrivateKey.m */ = {isa = PBXFileReference; lastKnownFileType = sourcecode.c.objc; path = DIMRSAPrivateKey.m; sourceTree = "<group>"; };
		E9FC471C2E91C2D000D15BBE /* DIMRSAPrivateKey+Store.m */ = {isa = PBXFileReference; lastKnownFileType = sourcecode.c.objc; path = "DIMRSAPrivateKey+Store.m"; sourceTree = "<group>"; };
		E9FC471D2E91C2D000D15BBE /* DIMRSAPublicKey.h */ = {isa = PBXFileReference; lastKnownFileType = sourcecode.c.h; path = DIMRSAPublicKey.h; sourceTree = "<group>"; };
		E9FC471E2E91C2D000D15BBE /* DIMRSAPublicKey.m */ = {isa = PBXFileReference; lastKnownFileType = sourcecode.c.objc; path = DIMRSAPublicKey.m; sourceTree = "<group>"; };
		E9FC471F2E91C2D000D15BBE /* DIMSecKeyHelper.h */ = {isa = PBXFileReference; lastKnownFileType = sourcecode.c.h; path = DIMSecKeyHelper.h; sourceTree = "<group>"; };
		E9FC47202E91C2D000D15BBE /* DIMSecKeyHelper.m */ = {isa = PBXFileReference; lastKnownFileType = sourcecode.c.objc; path = DIMSecKeyHelper.m; sourceTree = "<group>"; };
		E9FC47222E91C2D000D15BBE /* DIMBase64Data.h */ = {isa = PBXFileReference; lastKnownFileType = sourcecode.c.h; path = DIMBase64Data.h; sourceTree = "<group>"; };
		E9FC47232E91C2D000D15BBE /* DIMBase64Data.m */ = {isa = PBXFileReference; lastKnownFileType = sourcecode.c.objc; path = DIMBase64Data.m; sourceTree = "<group>"; };
		E9FC47242E91C2D000D15BBE /* DIMBaseNetworkFile.h */ = {isa = PBXFileReference; lastKnownFileType = sourcecode.c.h; path = DIMBaseNetworkFile.h; sourceTree = "<group>"; };
		E9FC47252E91C2D000D15BBE /* DIMBaseNetworkFile.m */ = {isa = PBXFileReference; lastKnownFileType = sourcecode.c.objc; path = DIMBaseNetworkFile.m; sourceTree = "<group>"; };
		E9FC47262E91C2D000D15BBE /* DIMDataCoders.h */ = {isa = PBXFileReference; lastKnownFileType = sourcecode.c.h; path = DIMDataCoders.h; sourceTree = "<group>"; };
		E9FC47272E91C2D000D15BBE /* DIMDataCoders.mm */ = {isa = PBXFileReference; lastKnownFileType = sourcecode.cpp.objcpp; path = DIMDataCoders.mm; sourceTree = "<group>"; };
		E9FC47282E91C2D000D15BBE /* DIMDigesters.h */ = {isa = PBXFileReference; lastKnownFileType = sourcecode.c.h; path = DIMDigesters.h; sourceTree = "<group>"; };
		E9FC47292E91C2D000D15BBE /* DIMDigesters.mm */ = {isa = PBXFileReference; lastKnownFileType = sourcecode.cpp.objcpp; path = DIMDigesters.mm; sourceTree = "<group>"; };
		E9FC472A2E91C2D000D15BBE /* DIMDataParsers.h */ = {isa = PBXFileReference; lastKnownFileType = sourcecode.c.h; path = DIMDataParsers.h; sourceTree = "<group>"; };
		E9FC472B2E91C2D000D15BBE /* DIMDataParsers.mm */ = {isa = PBXFileReference; lastKnownFileType = sourcecode.cpp.objcpp; path = DIMDataParsers.mm; sourceTree = "<group>"; };
		E9FC472D2E91C2D000D15BBE /* compiler.h */ = {isa = PBXFileReference; lastKnownFileType = sourcecode.c.h; path = compiler.h; sourceTree = "<group>"; };
		E9FC472E2E91C2D000D15BBE /* sha3.h */ = {isa = PBXFileReference; lastKnownFileType = sourcecode.c.h; path = sha3.h; sourceTree = "<group>"; };
		E9FC472F2E91C2D000D15BBE /* sha3.c */ = {isa = PBXFileReference; lastKnownFileType = sourcecode.c.c; path = sha3.c; sourceTree = "<group>"; };
		E9FC47322E91C2D000D15BBE /* NSData+Crypto.h */ = {isa = PBXFileReference; lastKnownFileType = sourcecode.c.h; path = "NSData+Crypto.h"; sourceTree = "<group>"; };
		E9FC47332E91C2D000D15BBE /* NSData+Crypto.m */ = {isa = PBXFileReference; lastKnownFileType = sourcecode.c.objc; path = "NSData+Crypto.m"; sourceTree = "<group>"; };
		E9FC47352E91C2D000D15BBE /* curve-specific.inc */ = {isa = PBXFileReference; lastKnownFileType = sourcecode.pascal; path = "curve-specific.inc"; sourceTree = "<group>"; };
		E9FC47362E91C2D000D15BBE /* platform-specific.inc */ = {isa = PBXFileReference; lastKnownFileType = sourcecode.pascal; path = "platform-specific.inc"; sourceTree = "<group>"; };
		E9FC47372E91C2D000D15BBE /* types.h */ = {isa = PBXFileReference; lastKnownFileType = sourcecode.c.h; path = types.h; sourceTree = "<group>"; };
		E9FC47382E91C2D000D15BBE /* uECC.h */ = {isa = PBXFileReference; lastKnownFileType = sourcecode.c.h; path = uECC.h; sourceTree = "<group>"; };
		E9FC47392E91C2D000D15BBE /* uECC.c */ = {isa = PBXFileReference; lastKnownFileType = sourcecode.c.c; path = uECC.c; sourceTree = "<group>"; };
		E9FC473A2E91C2D000D15BBE /* uECC_vli.h */ = {isa = PBXFileReference; lastKnownFileType = sourcecode.c.h; path = uECC_vli.h; sourceTree = "<group>"; };
		E9FC473C2E91C2D000D15BBE /* DIMAddressFactory.h */ = {isa = PBXFileReference; lastKnownFileType = sourcecode.c.h; path = DIMAddressFactory.h; sourceTree = "<group>"; };
		E9FC473D2E91C2D000D15BBE /* DIMAddressFactory.m */ = {isa = PBXFileReference; lastKnownFileType = sourcecode.c.objc; path = DIMAddressFactory.m; sourceTree = "<group>"; };
		E9FC473E2E91C2D000D15BBE /* DIMDocumentFactory.h */ = {isa = PBXFileReference; lastKnownFileType = sourcecode.c.h; path = DIMDocumentFactory.h; sourceTree = "<group>"; };
		E9FC473F2E91C2D000D15BBE /* DIMDocumentFactory.m */ = {isa = PBXFileReference; lastKnownFileType = sourcecode.c.objc; path = DIMDocumentFactory.m; sourceTree = "<group>"; };
		E9FC47402E91C2D000D15BBE /* DIMIDFactory.h */ = {isa = PBXFileReference; lastKnownFileType = sourcecode.c.h; path = DIMIDFactory.h; sourceTree = "<group>"; };
		E9FC47412E91C2D000D15BBE /* DIMIDFactory.m */ = {isa = PBXFileReference; lastKnownFileType = sourcecode.c.objc; path = DIMIDFactory.m; sourceTree = "<group>"; };
		E9FC47422E91C2D000D15BBE /* DIMMetaFactory.h */ = {isa = PBXFileReference; lastKnownFileType = sourcecode.c.h; path = DIMMetaFactory.h; sourceTree = "<group>"; };
		E9FC47432E91C2D000D15BBE /* DIMMetaFactory.m */ = {isa = PBXFileReference; lastKnownFileType = sourcecode.c.objc; path = DIMMetaFactory.m; sourceTree = "<group>"; };
		E9FC47442E91C2D000D15BBE /* DIMBTCAddress.h */ = {isa = PBXFileReference; lastKnownFileType = sourcecode.c.h; path = DIMBTCAddress.h; sourceTree = "<group>"; };
		E9FC47452E91C2D000D15BBE /* DIMBTCAddress.m */ = {isa = PBXFileReference; lastKnownFileType = sourcecode.c.objc; path = DIMBTCAddress.m; sourceTree = "<group>"; };
		E9FC47462E91C2D000D15BBE /* DIMETHAddress.h */ = {isa = PBXFileReference; lastKnownFileType = sourcecode.c.h; path = DIMETHAddress.h; sourceTree = "<group>"; };
		E9FC47472E91C2D000D15BBE /* DIMETHAddress.m */ = {isa = PBXFileReference; lastKnownFileType = sourcecode.c.objc; path = DIMETHAddress.m; sourceTree = "<group>"; };
		E9FC47482E91C2D000D15BBE /* DIMBTCMeta.h */ = {isa = PBXFileReference; lastKnownFileType = sourcecode.c.h; path = DIMBTCMeta.h; sourceTree = "<group>"; };
		E9FC47492E91C2D000D15BBE /* DIMBTCMeta.m */ = {isa = PBXFileReference; lastKnownFileType = sourcecode.c.objc; path = DIMBTCMeta.m; sourceTree = "<group>"; };
		E9FC474A2E91C2D000D15BBE /* DIMDefaultMeta.h */ = {isa = PBXFileReference; lastKnownFileType = sourcecode.c.h; path = DIMDefaultMeta.h; sourceTree = "<group>"; };
		E9FC474B2E91C2D000D15BBE /* DIMDefaultMeta.m */ = {isa = PBXFileReference; lastKnownFileType = sourcecode.c.objc; path = DIMDefaultMeta.m; sourceTree = "<group>"; };
		E9FC474C2E91C2D000D15BBE /* DIMETHMeta.h */ = {isa = PBXFileReference; lastKnownFileType = sourcecode.c.h; path = DIMETHMeta.h; sourceTree = "<group>"; };
		E9FC474D2E91C2D000D15BBE /* DIMETHMeta.m */ = {isa = PBXFileReference; lastKnownFileType = sourcecode.c.objc; path = DIMETHMeta.m; sourceTree = "<group>"; };
		E9FC474F2E91C2D000D15BBE /* DIMExtensionLoader.h */ = {isa = PBXFileReference; lastKnownFileType = sourcecode.c.h; path = DIMExtensionLoader.h; sourceTree = "<group>"; };
		E9FC47502E91C2D000D15BBE /* DIMExtensionLoader.m */ = {isa = PBXFileReference; lastKnownFileType = sourcecode.c.objc; path = DIMExtensionLoader.m; sourceTree = "<group>"; };
/* End PBXFileReference section */

/* Begin PBXFileSystemSynchronizedBuildFileExceptionSet section */
		E9FC46FD2E91C15000D15BBE /* Exceptions for "DIMPlugins" folder in "DIMPlugins" target */ = {
			isa = PBXFileSystemSynchronizedBuildFileExceptionSet;
			publicHeaders = (
				Crypto.h,
				DaoKeDao.h,
				DIMPlugins.h,
				Ext.h,
				Loader.h,
				MingKeMing.h,
			);
			target = E9FC46EC2E91C15000D15BBE /* DIMPlugins */;
		};
/* End PBXFileSystemSynchronizedBuildFileExceptionSet section */

/* Begin PBXFileSystemSynchronizedRootGroup section */
		E9FC46EF2E91C15000D15BBE /* DIMPlugins */ = {
			isa = PBXFileSystemSynchronizedRootGroup;
			exceptions = (
				E9FC46FD2E91C15000D15BBE /* Exceptions for "DIMPlugins" folder in "DIMPlugins" target */,
			);
			path = DIMPlugins;
			sourceTree = "<group>";
		};
		E9FC46FA2E91C15000D15BBE /* DIMPluginsTests */ = {
			isa = PBXFileSystemSynchronizedRootGroup;
			path = DIMPluginsTests;
			sourceTree = "<group>";
		};
/* End PBXFileSystemSynchronizedRootGroup section */

/* Begin PBXFrameworksBuildPhase section */
		E9FC46EA2E91C15000D15BBE /* Frameworks */ = {
			isa = PBXFrameworksBuildPhase;
			buildActionMask = 2147483647;
			files = (
			);
			runOnlyForDeploymentPostprocessing = 0;
		};
		E9FC46F32E91C15000D15BBE /* Frameworks */ = {
			isa = PBXFrameworksBuildPhase;
			buildActionMask = 2147483647;
			files = (
				E9FC46F72E91C15000D15BBE /* DIMPlugins.framework in Frameworks */,
			);
			runOnlyForDeploymentPostprocessing = 0;
		};
/* End PBXFrameworksBuildPhase section */

/* Begin PBXGroup section */
		E9A18CAD2E95AC2A0047111C /* dkd */ = {
			isa = PBXGroup;
			children = (
				E9A18CAE2E95AC730047111C /* DIMCommandFactories.h */,
				E9A18CAF2E95AC730047111C /* DIMCommandFactories.m */,
				E9A18CB22E95AC830047111C /* DIMMessageFactories.h */,
				E9A18CB32E95AC830047111C /* DIMMessageFactories.m */,
			);
			path = dkd;
			sourceTree = "<group>";
		};
		E9FC46E32E91C15000D15BBE = {
			isa = PBXGroup;
			children = (
				E9FC47522E91C2D000D15BBE /* Classes */,
				E9FC46EF2E91C15000D15BBE /* DIMPlugins */,
				E9FC46FA2E91C15000D15BBE /* DIMPluginsTests */,
				E9FC46EE2E91C15000D15BBE /* Products */,
			);
			sourceTree = "<group>";
		};
		E9FC46EE2E91C15000D15BBE /* Products */ = {
			isa = PBXGroup;
			children = (
				E9FC46ED2E91C15000D15BBE /* DIMPlugins.framework */,
				E9FC46F62E91C15000D15BBE /* DIMPluginsTests.xctest */,
			);
			name = Products;
			sourceTree = "<group>";
		};
		E9FC47082E91C2D000D15BBE /* compat */ = {
			isa = PBXGroup;
			children = (
				E9FC47062E91C2D000D15BBE /* byteswap.h */,
				E9FC47072E91C2D000D15BBE /* endian.h */,
			);
			path = compat;
			sourceTree = "<group>";
		};
		E9FC470C2E91C2D000D15BBE /* crypto */ = {
			isa = PBXGroup;
			children = (
				E9FC47092E91C2D000D15BBE /* common.h */,
				E9FC470A2E91C2D000D15BBE /* ripemd160.h */,
				E9FC470B2E91C2D000D15BBE /* ripemd160.cpp */,
			);
			path = crypto;
			sourceTree = "<group>";
		};
		E9FC470F2E91C2D000D15BBE /* src */ = {
			isa = PBXGroup;
			children = (
				E9FC47082E91C2D000D15BBE /* compat */,
				E9FC470C2E91C2D000D15BBE /* crypto */,
				E9FC470D2E91C2D000D15BBE /* base58.h */,
				E9FC470E2E91C2D000D15BBE /* base58.cpp */,
			);
			path = src;
			sourceTree = "<group>";
		};
		E9FC47102E91C2D000D15BBE /* bitcoin */ = {
			isa = PBXGroup;
			children = (
				E9FC470F2E91C2D000D15BBE /* src */,
			);
			path = bitcoin;
			sourceTree = "<group>";
		};
		E9FC47212E91C2D000D15BBE /* crypto */ = {
			isa = PBXGroup;
			children = (
				E9FC47112E91C2D000D15BBE /* DIMAESKey.h */,
				E9FC47122E91C2D000D15BBE /* DIMAESKey.m */,
				E9A18C912E95A8BC0047111C /* DIMPlainKey.h */,
				E9A18C922E95A8BC0047111C /* DIMPlainKey.m */,
				E9FC47132E91C2D000D15BBE /* DIMECCPrivateKey.h */,
				E9FC47142E91C2D000D15BBE /* DIMECCPrivateKey.m */,
				E9FC47152E91C2D000D15BBE /* DIMECCPrivateKey+Store.m */,
				E9FC47162E91C2D000D15BBE /* DIMECCPublicKey.h */,
				E9FC47172E91C2D000D15BBE /* DIMECCPublicKey.m */,
				E9FC47182E91C2D000D15BBE /* DIMPrivateKey+Store.h */,
				E9FC47192E91C2D000D15BBE /* DIMPrivateKey+Store.m */,
				E9FC471A2E91C2D000D15BBE /* DIMRSAPrivateKey.h */,
				E9FC471B2E91C2D000D15BBE /* DIMRSAPrivateKey.m */,
				E9FC471C2E91C2D000D15BBE /* DIMRSAPrivateKey+Store.m */,
				E9FC471D2E91C2D000D15BBE /* DIMRSAPublicKey.h */,
				E9FC471E2E91C2D000D15BBE /* DIMRSAPublicKey.m */,
				E9FC471F2E91C2D000D15BBE /* DIMSecKeyHelper.h */,
				E9FC47202E91C2D000D15BBE /* DIMSecKeyHelper.m */,
			);
			path = crypto;
			sourceTree = "<group>";
		};
		E9FC472C2E91C2D000D15BBE /* data */ = {
			isa = PBXGroup;
			children = (
				E9FC47222E91C2D000D15BBE /* DIMBase64Data.h */,
				E9FC47232E91C2D000D15BBE /* DIMBase64Data.m */,
				E9FC47242E91C2D000D15BBE /* DIMBaseNetworkFile.h */,
				E9FC47252E91C2D000D15BBE /* DIMBaseNetworkFile.m */,
				E9FC47282E91C2D000D15BBE /* DIMDigesters.h */,
				E9FC47292E91C2D000D15BBE /* DIMDigesters.mm */,
				E9FC47262E91C2D000D15BBE /* DIMDataCoders.h */,
				E9FC47272E91C2D000D15BBE /* DIMDataCoders.mm */,
				E9FC472A2E91C2D000D15BBE /* DIMDataParsers.h */,
				E9FC472B2E91C2D000D15BBE /* DIMDataParsers.mm */,
			);
			path = data;
			sourceTree = "<group>";
		};
		E9FC47302E91C2D000D15BBE /* ethash */ = {
			isa = PBXGroup;
			children = (
				E9FC472D2E91C2D000D15BBE /* compiler.h */,
				E9FC472E2E91C2D000D15BBE /* sha3.h */,
				E9FC472F2E91C2D000D15BBE /* sha3.c */,
			);
			path = ethash;
			sourceTree = "<group>";
		};
		E9FC47312E91C2D000D15BBE /* ethereum */ = {
			isa = PBXGroup;
			children = (
				E9FC47302E91C2D000D15BBE /* ethash */,
			);
			path = ethereum;
			sourceTree = "<group>";
		};
		E9FC47342E91C2D000D15BBE /* extends */ = {
			isa = PBXGroup;
			children = (
				E9FC47322E91C2D000D15BBE /* NSData+Crypto.h */,
				E9FC47332E91C2D000D15BBE /* NSData+Crypto.m */,
				E9A18C9D2E95ABCD0047111C /* DIMCryptoKeyGeneralFactory.h */,
				E9A18C9E2E95ABCD0047111C /* DIMCryptoKeyGeneralFactory.m */,
				E9A18CA12E95ABDE0047111C /* DIMFormatGeneralFactory.h */,
				E9A18CA22E95ABDE0047111C /* DIMFormatGeneralFactory.m */,
				E9A18C992E95ABA00047111C /* DIMAccountGeneralFactory.h */,
				E9A18C9A2E95ABA00047111C /* DIMAccountGeneralFactory.m */,
				E9A18CA52E95ABF20047111C /* DIMCommandGeneralFactory.h */,
				E9A18CA62E95ABF20047111C /* DIMCommandGeneralFactory.m */,
				E9A18CA92E95AC060047111C /* DIMMessageGeneralFactory.h */,
				E9A18CAA2E95AC060047111C /* DIMMessageGeneralFactory.m */,
			);
			path = extends;
			sourceTree = "<group>";
		};
		E9FC473B2E91C2D000D15BBE /* micro-ecc */ = {
			isa = PBXGroup;
			children = (
				E9FC47352E91C2D000D15BBE /* curve-specific.inc */,
				E9FC47362E91C2D000D15BBE /* platform-specific.inc */,
				E9FC47372E91C2D000D15BBE /* types.h */,
				E9FC47382E91C2D000D15BBE /* uECC.h */,
				E9FC47392E91C2D000D15BBE /* uECC.c */,
				E9FC473A2E91C2D000D15BBE /* uECC_vli.h */,
			);
			path = "micro-ecc";
			sourceTree = "<group>";
		};
		E9FC474E2E91C2D000D15BBE /* mkm */ = {
			isa = PBXGroup;
			children = (
				E9FC47442E91C2D000D15BBE /* DIMBTCAddress.h */,
				E9FC47452E91C2D000D15BBE /* DIMBTCAddress.m */,
				E9FC47462E91C2D000D15BBE /* DIMETHAddress.h */,
				E9FC47472E91C2D000D15BBE /* DIMETHAddress.m */,
				E9FC473C2E91C2D000D15BBE /* DIMAddressFactory.h */,
				E9FC473D2E91C2D000D15BBE /* DIMAddressFactory.m */,
				E9FC47402E91C2D000D15BBE /* DIMIDFactory.h */,
				E9FC47412E91C2D000D15BBE /* DIMIDFactory.m */,
				E9FC474A2E91C2D000D15BBE /* DIMDefaultMeta.h */,
				E9FC474B2E91C2D000D15BBE /* DIMDefaultMeta.m */,
				E9FC47482E91C2D000D15BBE /* DIMBTCMeta.h */,
				E9FC47492E91C2D000D15BBE /* DIMBTCMeta.m */,
				E9FC474C2E91C2D000D15BBE /* DIMETHMeta.h */,
				E9FC474D2E91C2D000D15BBE /* DIMETHMeta.m */,
				E9FC47422E91C2D000D15BBE /* DIMMetaFactory.h */,
				E9FC47432E91C2D000D15BBE /* DIMMetaFactory.m */,
				E9FC473E2E91C2D000D15BBE /* DIMDocumentFactory.h */,
				E9FC473F2E91C2D000D15BBE /* DIMDocumentFactory.m */,
			);
			path = mkm;
			sourceTree = "<group>";
		};
		E9FC47522E91C2D000D15BBE /* Classes */ = {
			isa = PBXGroup;
			children = (
				E9FC47102E91C2D000D15BBE /* bitcoin */,
				E9FC47212E91C2D000D15BBE /* crypto */,
				E9FC472C2E91C2D000D15BBE /* data */,
				E9FC47312E91C2D000D15BBE /* ethereum */,
				E9FC47342E91C2D000D15BBE /* extends */,
				E9FC473B2E91C2D000D15BBE /* micro-ecc */,
				E9A18CAD2E95AC2A0047111C /* dkd */,
				E9FC474E2E91C2D000D15BBE /* mkm */,
				E9FC474F2E91C2D000D15BBE /* DIMExtensionLoader.h */,
				E9FC47502E91C2D000D15BBE /* DIMExtensionLoader.m */,
				E9A18C952E95AB1C0047111C /* DIMPluginLoader.h */,
				E9A18C962E95AB1C0047111C /* DIMPluginLoader.m */,
			);
			name = Classes;
			path = ../Classes;
			sourceTree = SOURCE_ROOT;
		};
/* End PBXGroup section */

/* Begin PBXHeadersBuildPhase section */
		E9FC46E82E91C15000D15BBE /* Headers */ = {
			isa = PBXHeadersBuildPhase;
			buildActionMask = 2147483647;
			files = (
				E9FC47532E91C2D000D15BBE /* DIMPrivateKey+Store.h in Headers */,
				E9A18CA32E95ABDE0047111C /* DIMFormatGeneralFactory.h in Headers */,
				E9FC47542E91C2D000D15BBE /* sha3.h in Headers */,
				E9FC47552E91C2D000D15BBE /* ripemd160.h in Headers */,
				E9A18C9B2E95ABA00047111C /* DIMAccountGeneralFactory.h in Headers */,
				E9FC47562E91C2D000D15BBE /* DIMDefaultMeta.h in Headers */,
				E9A18CA72E95ABF20047111C /* DIMCommandGeneralFactory.h in Headers */,
				E9FC47572E91C2D000D15BBE /* common.h in Headers */,
				E9FC47582E91C2D000D15BBE /* endian.h in Headers */,
				E9FC47592E91C2D000D15BBE /* uECC_vli.h in Headers */,
				E9FC475A2E91C2D000D15BBE /* DIMRSAPublicKey.h in Headers */,
				E9A18C9F2E95ABCD0047111C /* DIMCryptoKeyGeneralFactory.h in Headers */,
				E9A18CAB2E95AC060047111C /* DIMMessageGeneralFactory.h in Headers */,
				E9FC475B2E91C2D000D15BBE /* NSData+Crypto.h in Headers */,
				E9FC475C2E91C2D000D15BBE /* DIMBTCMeta.h in Headers */,
				E9A18C972E95AB1C0047111C /* DIMPluginLoader.h in Headers */,
				E9FC475D2E91C2D000D15BBE /* base58.h in Headers */,
				E9FC475E2E91C2D000D15BBE /* DIMAddressFactory.h in Headers */,
				E9FC475F2E91C2D000D15BBE /* DIMAESKey.h in Headers */,
				E9FC47602E91C2D000D15BBE /* DIMIDFactory.h in Headers */,
				E9A18CB02E95AC730047111C /* DIMCommandFactories.h in Headers */,
				E9FC47612E91C2D000D15BBE /* DIMBaseNetworkFile.h in Headers */,
				E9FC47622E91C2D000D15BBE /* DIMSecKeyHelper.h in Headers */,
				E9FC47632E91C2D000D15BBE /* DIMBase64Data.h in Headers */,
				E9FC47642E91C2D000D15BBE /* DIMDataCoders.h in Headers */,
				E9FC47652E91C2D000D15BBE /* types.h in Headers */,
				E9FC47662E91C2D000D15BBE /* DIMETHAddress.h in Headers */,
				E9FC47672E91C2D000D15BBE /* byteswap.h in Headers */,
				E9FC47682E91C2D000D15BBE /* uECC.h in Headers */,
				E9FC47692E91C2D000D15BBE /* DIMECCPrivateKey.h in Headers */,
				E9FC476A2E91C2D000D15BBE /* DIMETHMeta.h in Headers */,
				E9FC476B2E91C2D000D15BBE /* compiler.h in Headers */,
				E9FC476C2E91C2D000D15BBE /* DIMDataParsers.h in Headers */,
				E9FC476D2E91C2D000D15BBE /* DIMDocumentFactory.h in Headers */,
				E9FC476E2E91C2D000D15BBE /* DIMMetaFactory.h in Headers */,
				E9FC476F2E91C2D000D15BBE /* DIMECCPublicKey.h in Headers */,
				E9FC47702E91C2D000D15BBE /* DIMRSAPrivateKey.h in Headers */,
				E9A18CB42E95AC830047111C /* DIMMessageFactories.h in Headers */,
				E9FC47712E91C2D000D15BBE /* DIMExtensionLoader.h in Headers */,
				E9FC47722E91C2D000D15BBE /* DIMBTCAddress.h in Headers */,
				E9FC47732E91C2D000D15BBE /* DIMDigesters.h in Headers */,
				E9A18C932E95A8BC0047111C /* DIMPlainKey.h in Headers */,
			);
			runOnlyForDeploymentPostprocessing = 0;
		};
/* End PBXHeadersBuildPhase section */

/* Begin PBXNativeTarget section */
		E9FC46EC2E91C15000D15BBE /* DIMPlugins */ = {
			isa = PBXNativeTarget;
			buildConfigurationList = E9FC46FE2E91C15000D15BBE /* Build configuration list for PBXNativeTarget "DIMPlugins" */;
			buildPhases = (
				E9FC46E82E91C15000D15BBE /* Headers */,
				E9FC46E92E91C15000D15BBE /* Sources */,
				E9FC46EA2E91C15000D15BBE /* Frameworks */,
				E9FC46EB2E91C15000D15BBE /* Resources */,
			);
			buildRules = (
			);
			dependencies = (
			);
			fileSystemSynchronizedGroups = (
				E9FC46EF2E91C15000D15BBE /* DIMPlugins */,
			);
			name = DIMPlugins;
			packageProductDependencies = (
			);
			productName = DIMPlugins;
			productReference = E9FC46ED2E91C15000D15BBE /* DIMPlugins.framework */;
			productType = "com.apple.product-type.framework";
		};
		E9FC46F52E91C15000D15BBE /* DIMPluginsTests */ = {
			isa = PBXNativeTarget;
			buildConfigurationList = E9FC47032E91C15000D15BBE /* Build configuration list for PBXNativeTarget "DIMPluginsTests" */;
			buildPhases = (
				E9FC46F22E91C15000D15BBE /* Sources */,
				E9FC46F32E91C15000D15BBE /* Frameworks */,
				E9FC46F42E91C15000D15BBE /* Resources */,
			);
			buildRules = (
			);
			dependencies = (
				E9FC46F92E91C15000D15BBE /* PBXTargetDependency */,
			);
			fileSystemSynchronizedGroups = (
				E9FC46FA2E91C15000D15BBE /* DIMPluginsTests */,
			);
			name = DIMPluginsTests;
			packageProductDependencies = (
			);
			productName = DIMPluginsTests;
			productReference = E9FC46F62E91C15000D15BBE /* DIMPluginsTests.xctest */;
			productType = "com.apple.product-type.bundle.unit-test";
		};
/* End PBXNativeTarget section */

/* Begin PBXProject section */
		E9FC46E42E91C15000D15BBE /* Project object */ = {
			isa = PBXProject;
			attributes = {
				BuildIndependentTargetsInParallel = 1;
				LastUpgradeCheck = 1630;
				TargetAttributes = {
					E9FC46EC2E91C15000D15BBE = {
						CreatedOnToolsVersion = 16.3;
					};
					E9FC46F52E91C15000D15BBE = {
						CreatedOnToolsVersion = 16.3;
					};
				};
			};
			buildConfigurationList = E9FC46E72E91C15000D15BBE /* Build configuration list for PBXProject "DIMPlugins" */;
			developmentRegion = en;
			hasScannedForEncodings = 0;
			knownRegions = (
				en,
				Base,
			);
			mainGroup = E9FC46E32E91C15000D15BBE;
			minimizedProjectReferenceProxies = 1;
			preferredProjectObjectVersion = 77;
			productRefGroup = E9FC46EE2E91C15000D15BBE /* Products */;
			projectDirPath = "";
			projectRoot = "";
			targets = (
				E9FC46EC2E91C15000D15BBE /* DIMPlugins */,
				E9FC46F52E91C15000D15BBE /* DIMPluginsTests */,
			);
		};
/* End PBXProject section */

/* Begin PBXResourcesBuildPhase section */
		E9FC46EB2E91C15000D15BBE /* Resources */ = {
			isa = PBXResourcesBuildPhase;
			buildActionMask = 2147483647;
			files = (
			);
			runOnlyForDeploymentPostprocessing = 0;
		};
		E9FC46F42E91C15000D15BBE /* Resources */ = {
			isa = PBXResourcesBuildPhase;
			buildActionMask = 2147483647;
			files = (
			);
			runOnlyForDeploymentPostprocessing = 0;
		};
/* End PBXResourcesBuildPhase section */

/* Begin PBXSourcesBuildPhase section */
		E9FC46E92E91C15000D15BBE /* Sources */ = {
			isa = PBXSourcesBuildPhase;
			buildActionMask = 2147483647;
			files = (
				E9FC47742E91C2D000D15BBE /* DIMDataCoders.mm in Sources */,
				E9A18CB12E95AC730047111C /* DIMCommandFactories.m in Sources */,
				E9FC47752E91C2D000D15BBE /* DIMETHMeta.m in Sources */,
				E9A18C9C2E95ABA00047111C /* DIMAccountGeneralFactory.m in Sources */,
				E9FC47762E91C2D000D15BBE /* DIMAddressFactory.m in Sources */,
				E9FC47772E91C2D000D15BBE /* sha3.c in Sources */,
				E9FC47782E91C2D000D15BBE /* DIMBase64Data.m in Sources */,
				E9FC47792E91C2D000D15BBE /* DIMSecKeyHelper.m in Sources */,
				E9FC477A2E91C2D000D15BBE /* DIMAESKey.m in Sources */,
				E9A18CA82E95ABF20047111C /* DIMCommandGeneralFactory.m in Sources */,
				E9FC477B2E91C2D000D15BBE /* DIMRSAPublicKey.m in Sources */,
				E9FC477C2E91C2D000D15BBE /* DIMBaseNetworkFile.m in Sources */,
				E9FC477D2E91C2D000D15BBE /* base58.cpp in Sources */,
				E9A18CB52E95AC830047111C /* DIMMessageFactories.m in Sources */,
				E9A18CAC2E95AC060047111C /* DIMMessageGeneralFactory.m in Sources */,
				E9FC477E2E91C2D000D15BBE /* DIMExtensionLoader.m in Sources */,
				E9A18CA02E95ABCD0047111C /* DIMCryptoKeyGeneralFactory.m in Sources */,
				E9A18CA42E95ABDE0047111C /* DIMFormatGeneralFactory.m in Sources */,
				E9FC477F2E91C2D000D15BBE /* DIMECCPublicKey.m in Sources */,
				E9FC47802E91C2D000D15BBE /* DIMIDFactory.m in Sources */,
				E9FC47812E91C2D000D15BBE /* DIMBTCAddress.m in Sources */,
				E9FC47822E91C2D000D15BBE /* DIMPrivateKey+Store.m in Sources */,
				E9FC47832E91C2D000D15BBE /* DIMDocumentFactory.m in Sources */,
				E9FC47842E91C2D000D15BBE /* DIMBTCMeta.m in Sources */,
				E9A18C982E95AB1C0047111C /* DIMPluginLoader.m in Sources */,
				E9FC47862E91C2D000D15BBE /* DIMDigesters.mm in Sources */,
				E9FC47872E91C2D000D15BBE /* DIMDefaultMeta.m in Sources */,
				E9FC47882E91C2D000D15BBE /* NSData+Crypto.m in Sources */,
				E9FC47892E91C2D000D15BBE /* DIMECCPrivateKey.m in Sources */,
				E9FC478A2E91C2D000D15BBE /* ripemd160.cpp in Sources */,
				E9FC478B2E91C2D000D15BBE /* DIMRSAPrivateKey.m in Sources */,
				E9FC478C2E91C2D000D15BBE /* DIMETHAddress.m in Sources */,
				E9FC478D2E91C2D000D15BBE /* platform-specific.inc in Sources */,
				E9FC478E2E91C2D000D15BBE /* DIMDataParsers.mm in Sources */,
				E9FC478F2E91C2D000D15BBE /* DIMMetaFactory.m in Sources */,
				E9FC47902E91C2D000D15BBE /* uECC.c in Sources */,
				E9FC47912E91C2D000D15BBE /* DIMRSAPrivateKey+Store.m in Sources */,
				E9FC47922E91C2D000D15BBE /* DIMECCPrivateKey+Store.m in Sources */,
				E9FC47932E91C2D000D15BBE /* curve-specific.inc in Sources */,
				E9A18C942E95A8BC0047111C /* DIMPlainKey.m in Sources */,
			);
			runOnlyForDeploymentPostprocessing = 0;
		};
		E9FC46F22E91C15000D15BBE /* Sources */ = {
			isa = PBXSourcesBuildPhase;
			buildActionMask = 2147483647;
			files = (
			);
			runOnlyForDeploymentPostprocessing = 0;
		};
/* End PBXSourcesBuildPhase section */

/* Begin PBXTargetDependency section */
		E9FC46F92E91C15000D15BBE /* PBXTargetDependency */ = {
			isa = PBXTargetDependency;
			target = E9FC46EC2E91C15000D15BBE /* DIMPlugins */;
			targetProxy = E9FC46F82E91C15000D15BBE /* PBXContainerItemProxy */;
		};
/* End PBXTargetDependency section */

/* Begin XCBuildConfiguration section */
		E9FC46FF2E91C15000D15BBE /* Debug */ = {
			isa = XCBuildConfiguration;
			buildSettings = {
				CODE_SIGN_STYLE = Automatic;
				CURRENT_PROJECT_VERSION = 1;
				DEFINES_MODULE = YES;
				DYLIB_COMPATIBILITY_VERSION = 1;
				DYLIB_CURRENT_VERSION = 1;
				DYLIB_INSTALL_NAME_BASE = "@rpath";
				ENABLE_MODULE_VERIFIER = YES;
				GENERATE_INFOPLIST_FILE = YES;
				INFOPLIST_KEY_NSHumanReadableCopyright = "";
				INSTALL_PATH = "$(LOCAL_LIBRARY_DIR)/Frameworks";
				IPHONEOS_DEPLOYMENT_TARGET = 12.0;
				LD_RUNPATH_SEARCH_PATHS = (
					"$(inherited)",
					"@executable_path/Frameworks",
					"@loader_path/Frameworks",
				);
				MARKETING_VERSION = 1.0;
				MODULE_VERIFIER_SUPPORTED_LANGUAGES = "objective-c objective-c++";
				MODULE_VERIFIER_SUPPORTED_LANGUAGE_STANDARDS = "gnu17 gnu++20";
				PRODUCT_BUNDLE_IDENTIFIER = DIM.DIMPlugins;
				PRODUCT_NAME = "$(TARGET_NAME:c99extidentifier)";
				SKIP_INSTALL = YES;
				SWIFT_EMIT_LOC_STRINGS = YES;
				TARGETED_DEVICE_FAMILY = "1,2";
			};
			name = Debug;
		};
		E9FC47002E91C15000D15BBE /* Release */ = {
			isa = XCBuildConfiguration;
			buildSettings = {
				CODE_SIGN_STYLE = Automatic;
				CURRENT_PROJECT_VERSION = 1;
				DEFINES_MODULE = YES;
				DYLIB_COMPATIBILITY_VERSION = 1;
				DYLIB_CURRENT_VERSION = 1;
				DYLIB_INSTALL_NAME_BASE = "@rpath";
				ENABLE_MODULE_VERIFIER = YES;
				GENERATE_INFOPLIST_FILE = YES;
				INFOPLIST_KEY_NSHumanReadableCopyright = "";
				INSTALL_PATH = "$(LOCAL_LIBRARY_DIR)/Frameworks";
				IPHONEOS_DEPLOYMENT_TARGET = 12.0;
				LD_RUNPATH_SEARCH_PATHS = (
					"$(inherited)",
					"@executable_path/Frameworks",
					"@loader_path/Frameworks",
				);
				MARKETING_VERSION = 1.0;
				MODULE_VERIFIER_SUPPORTED_LANGUAGES = "objective-c objective-c++";
				MODULE_VERIFIER_SUPPORTED_LANGUAGE_STANDARDS = "gnu17 gnu++20";
				PRODUCT_BUNDLE_IDENTIFIER = DIM.DIMPlugins;
				PRODUCT_NAME = "$(TARGET_NAME:c99extidentifier)";
				SKIP_INSTALL = YES;
				SWIFT_EMIT_LOC_STRINGS = YES;
				TARGETED_DEVICE_FAMILY = "1,2";
			};
			name = Release;
		};
		E9FC47012E91C15000D15BBE /* Debug */ = {
			isa = XCBuildConfiguration;
			buildSettings = {
				ALWAYS_SEARCH_USER_PATHS = NO;
				ASSETCATALOG_COMPILER_GENERATE_SWIFT_ASSET_SYMBOL_EXTENSIONS = YES;
				CLANG_ANALYZER_NONNULL = YES;
				CLANG_ANALYZER_NUMBER_OBJECT_CONVERSION = YES_AGGRESSIVE;
				CLANG_CXX_LANGUAGE_STANDARD = "gnu++20";
				CLANG_ENABLE_MODULES = YES;
				CLANG_ENABLE_OBJC_ARC = YES;
				CLANG_ENABLE_OBJC_WEAK = YES;
				CLANG_WARN_BLOCK_CAPTURE_AUTORELEASING = YES;
				CLANG_WARN_BOOL_CONVERSION = YES;
				CLANG_WARN_COMMA = YES;
				CLANG_WARN_CONSTANT_CONVERSION = YES;
				CLANG_WARN_DEPRECATED_OBJC_IMPLEMENTATIONS = YES;
				CLANG_WARN_DIRECT_OBJC_ISA_USAGE = YES_ERROR;
				CLANG_WARN_DOCUMENTATION_COMMENTS = YES;
				CLANG_WARN_EMPTY_BODY = YES;
				CLANG_WARN_ENUM_CONVERSION = YES;
				CLANG_WARN_INFINITE_RECURSION = YES;
				CLANG_WARN_INT_CONVERSION = YES;
				CLANG_WARN_NON_LITERAL_NULL_CONVERSION = YES;
				CLANG_WARN_OBJC_IMPLICIT_RETAIN_SELF = YES;
				CLANG_WARN_OBJC_LITERAL_CONVERSION = YES;
				CLANG_WARN_OBJC_ROOT_CLASS = YES_ERROR;
				CLANG_WARN_QUOTED_INCLUDE_IN_FRAMEWORK_HEADER = YES;
				CLANG_WARN_RANGE_LOOP_ANALYSIS = YES;
				CLANG_WARN_STRICT_PROTOTYPES = YES;
				CLANG_WARN_SUSPICIOUS_MOVE = YES;
				CLANG_WARN_UNGUARDED_AVAILABILITY = YES_AGGRESSIVE;
				CLANG_WARN_UNREACHABLE_CODE = YES;
				CLANG_WARN__DUPLICATE_METHOD_MATCH = YES;
				COPY_PHASE_STRIP = NO;
				CURRENT_PROJECT_VERSION = 1;
				DEBUG_INFORMATION_FORMAT = dwarf;
				ENABLE_STRICT_OBJC_MSGSEND = YES;
				ENABLE_TESTABILITY = YES;
				ENABLE_USER_SCRIPT_SANDBOXING = YES;
				GCC_C_LANGUAGE_STANDARD = gnu17;
				GCC_DYNAMIC_NO_PIC = NO;
				GCC_NO_COMMON_BLOCKS = YES;
				GCC_OPTIMIZATION_LEVEL = 0;
				GCC_PREPROCESSOR_DEFINITIONS = (
					"DEBUG=1",
					"$(inherited)",
				);
				GCC_WARN_64_TO_32_BIT_CONVERSION = YES;
				GCC_WARN_ABOUT_RETURN_TYPE = YES_ERROR;
				GCC_WARN_UNDECLARED_SELECTOR = YES;
				GCC_WARN_UNINITIALIZED_AUTOS = YES_AGGRESSIVE;
				GCC_WARN_UNUSED_FUNCTION = YES;
				GCC_WARN_UNUSED_VARIABLE = YES;
				IPHONEOS_DEPLOYMENT_TARGET = 18.4;
				LOCALIZATION_PREFERS_STRING_CATALOGS = YES;
				MTL_ENABLE_DEBUG_INFO = INCLUDE_SOURCE;
				MTL_FAST_MATH = YES;
				ONLY_ACTIVE_ARCH = YES;
				SDKROOT = iphoneos;
				VERSIONING_SYSTEM = "apple-generic";
				VERSION_INFO_PREFIX = "";
			};
			name = Debug;
		};
		E9FC47022E91C15000D15BBE /* Release */ = {
			isa = XCBuildConfiguration;
			buildSettings = {
				ALWAYS_SEARCH_USER_PATHS = NO;
				ASSETCATALOG_COMPILER_GENERATE_SWIFT_ASSET_SYMBOL_EXTENSIONS = YES;
				CLANG_ANALYZER_NONNULL = YES;
				CLANG_ANALYZER_NUMBER_OBJECT_CONVERSION = YES_AGGRESSIVE;
				CLANG_CXX_LANGUAGE_STANDARD = "gnu++20";
				CLANG_ENABLE_MODULES = YES;
				CLANG_ENABLE_OBJC_ARC = YES;
				CLANG_ENABLE_OBJC_WEAK = YES;
				CLANG_WARN_BLOCK_CAPTURE_AUTORELEASING = YES;
				CLANG_WARN_BOOL_CONVERSION = YES;
				CLANG_WARN_COMMA = YES;
				CLANG_WARN_CONSTANT_CONVERSION = YES;
				CLANG_WARN_DEPRECATED_OBJC_IMPLEMENTATIONS = YES;
				CLANG_WARN_DIRECT_OBJC_ISA_USAGE = YES_ERROR;
				CLANG_WARN_DOCUMENTATION_COMMENTS = YES;
				CLANG_WARN_EMPTY_BODY = YES;
				CLANG_WARN_ENUM_CONVERSION = YES;
				CLANG_WARN_INFINITE_RECURSION = YES;
				CLANG_WARN_INT_CONVERSION = YES;
				CLANG_WARN_NON_LITERAL_NULL_CONVERSION = YES;
				CLANG_WARN_OBJC_IMPLICIT_RETAIN_SELF = YES;
				CLANG_WARN_OBJC_LITERAL_CONVERSION = YES;
				CLANG_WARN_OBJC_ROOT_CLASS = YES_ERROR;
				CLANG_WARN_QUOTED_INCLUDE_IN_FRAMEWORK_HEADER = YES;
				CLANG_WARN_RANGE_LOOP_ANALYSIS = YES;
				CLANG_WARN_STRICT_PROTOTYPES = YES;
				CLANG_WARN_SUSPICIOUS_MOVE = YES;
				CLANG_WARN_UNGUARDED_AVAILABILITY = YES_AGGRESSIVE;
				CLANG_WARN_UNREACHABLE_CODE = YES;
				CLANG_WARN__DUPLICATE_METHOD_MATCH = YES;
				COPY_PHASE_STRIP = NO;
				CURRENT_PROJECT_VERSION = 1;
				DEBUG_INFORMATION_FORMAT = "dwarf-with-dsym";
				ENABLE_NS_ASSERTIONS = NO;
				ENABLE_STRICT_OBJC_MSGSEND = YES;
				ENABLE_USER_SCRIPT_SANDBOXING = YES;
				GCC_C_LANGUAGE_STANDARD = gnu17;
				GCC_NO_COMMON_BLOCKS = YES;
				GCC_WARN_64_TO_32_BIT_CONVERSION = YES;
				GCC_WARN_ABOUT_RETURN_TYPE = YES_ERROR;
				GCC_WARN_UNDECLARED_SELECTOR = YES;
				GCC_WARN_UNINITIALIZED_AUTOS = YES_AGGRESSIVE;
				GCC_WARN_UNUSED_FUNCTION = YES;
				GCC_WARN_UNUSED_VARIABLE = YES;
				IPHONEOS_DEPLOYMENT_TARGET = 18.4;
				LOCALIZATION_PREFERS_STRING_CATALOGS = YES;
				MTL_ENABLE_DEBUG_INFO = NO;
				MTL_FAST_MATH = YES;
				SDKROOT = iphoneos;
				VALIDATE_PRODUCT = YES;
				VERSIONING_SYSTEM = "apple-generic";
				VERSION_INFO_PREFIX = "";
			};
			name = Release;
		};
		E9FC47042E91C15000D15BBE /* Debug */ = {
			isa = XCBuildConfiguration;
			buildSettings = {
				CODE_SIGN_STYLE = Automatic;
				CURRENT_PROJECT_VERSION = 1;
				GENERATE_INFOPLIST_FILE = YES;
				MARKETING_VERSION = 1.0;
				PRODUCT_BUNDLE_IDENTIFIER = DIM.DIMPluginsTests;
				PRODUCT_NAME = "$(TARGET_NAME)";
				SWIFT_EMIT_LOC_STRINGS = NO;
				TARGETED_DEVICE_FAMILY = "1,2";
			};
			name = Debug;
		};
		E9FC47052E91C15000D15BBE /* Release */ = {
			isa = XCBuildConfiguration;
			buildSettings = {
				CODE_SIGN_STYLE = Automatic;
				CURRENT_PROJECT_VERSION = 1;
				GENERATE_INFOPLIST_FILE = YES;
				MARKETING_VERSION = 1.0;
				PRODUCT_BUNDLE_IDENTIFIER = DIM.DIMPluginsTests;
				PRODUCT_NAME = "$(TARGET_NAME)";
				SWIFT_EMIT_LOC_STRINGS = NO;
				TARGETED_DEVICE_FAMILY = "1,2";
			};
			name = Release;
		};
/* End XCBuildConfiguration section */

/* Begin XCConfigurationList section */
		E9FC46E72E91C15000D15BBE /* Build configuration list for PBXProject "DIMPlugins" */ = {
			isa = XCConfigurationList;
			buildConfigurations = (
				E9FC47012E91C15000D15BBE /* Debug */,
				E9FC47022E91C15000D15BBE /* Release */,
			);
			defaultConfigurationIsVisible = 0;
			defaultConfigurationName = Release;
		};
		E9FC46FE2E91C15000D15BBE /* Build configuration list for PBXNativeTarget "DIMPlugins" */ = {
			isa = XCConfigurationList;
			buildConfigurations = (
				E9FC46FF2E91C15000D15BBE /* Debug */,
				E9FC47002E91C15000D15BBE /* Release */,
			);
			defaultConfigurationIsVisible = 0;
			defaultConfigurationName = Release;
		};
		E9FC47032E91C15000D15BBE /* Build configuration list for PBXNativeTarget "DIMPluginsTests" */ = {
			isa = XCConfigurationList;
			buildConfigurations = (
				E9FC47042E91C15000D15BBE /* Debug */,
				E9FC47052E91C15000D15BBE /* Release */,
			);
			defaultConfigurationIsVisible = 0;
			defaultConfigurationName = Release;
		};
/* End XCConfigurationList section */
	};
	rootObject = E9FC46E42E91C15000D15BBE /* Project object */;
}
